
Microsoft Visual Studio Solution File, Format Version 12.00
# Visual Studio Version 17
VisualStudioVersion = 17.5.33516.290
MinimumVisualStudioVersion = 10.0.40219.1
Project("{FAE04EC0-301F-11D3-BF4B-00C04F79EFBC}") = "NhapSanPham", "NhapSanPham\NhapSanPham.csproj", "{7FD6650F-7C1F-4477-98EA-B6B7EFAD99FF}"
EndProject
Global
	GlobalSection(SolutionConfigurationPlatforms) = preSolution
		Debug|Any CPU = Debug|Any CPU
		Release|Any CPU = Release|Any CPU
	EndGlobalSection
	GlobalSection(ProjectConfigurationPlatforms) = postSolution
		{7FD6650F-7C1F-4477-98EA-B6B7EFAD99FF}.Debug|Any CPU.ActiveCfg = Debug|Any CPU
		{7FD6650F-7C1F-4477-98EA-B6B7EFAD99FF}.Debug|Any CPU.Build.0 = Debug|Any CPU
		{7FD6650F-7C1F-4477-98EA-B6B7EFAD99FF}.Release|Any CPU.ActiveCfg = Release|Any CPU
		{7FD6650F-7C1F-4477-98EA-B6B7EFAD99FF}.Release|Any CPU.Build.0 = Release|Any CPU
	EndGlobalSection
	GlobalSection(SolutionProperties) = preSolution
		HideSolutionNode = FALSE
	EndGlobalSection
	GlobalSection(ExtensibilityGlobals) = postSolution
		SolutionGuid = {972D170C-C824-486F-B23B-A50CD788CDC9}
	EndGlobalSection
EndGlobal
